// !$*UTF8*$!
{
	archiveVersion = 1;
	classes = {
	};
	objectVersion = 56;
	objects = {

/* Begin PBXBuildFile section */
		5383E19E2AE9564100786F82 /* AppDelegate.swift in Sources */ = {isa = PBXBuildFile; fileRef = 5383E19D2AE9564100786F82 /* AppDelegate.swift */; };
		5383E1A02AE9564100786F82 /* SceneDelegate.swift in Sources */ = {isa = PBXBuildFile; fileRef = 5383E19F2AE9564100786F82 /* SceneDelegate.swift */; };
		5383E1A52AE9564100786F82 /* Main.storyboard in Resources */ = {isa = PBXBuildFile; fileRef = 5383E1A32AE9564100786F82 /* Main.storyboard */; };
		5383E1A72AE9564200786F82 /* Assets.xcassets in Resources */ = {isa = PBXBuildFile; fileRef = 5383E1A62AE9564200786F82 /* Assets.xcassets */; };
		5383E1AA2AE9564200786F82 /* LaunchScreen.storyboard in Resources */ = {isa = PBXBuildFile; fileRef = 5383E1A82AE9564200786F82 /* LaunchScreen.storyboard */; };
		5383E1B52AE9608600786F82 /* MainVC.swift in Sources */ = {isa = PBXBuildFile; fileRef = 5383E1B42AE9608600786F82 /* MainVC.swift */; };
		5383E1B82AEA005100786F82 /* RepoModel.swift in Sources */ = {isa = PBXBuildFile; fileRef = 5383E1B72AEA005100786F82 /* RepoModel.swift */; };
		5383E1BB2AEA062200786F82 /* UIViewExtension.swift in Sources */ = {isa = PBXBuildFile; fileRef = 5383E1BA2AEA062200786F82 /* UIViewExtension.swift */; };
		5383E1C02AEA105800786F82 /* APIHelper.swift in Sources */ = {isa = PBXBuildFile; fileRef = 5383E1BF2AEA105800786F82 /* APIHelper.swift */; };
		5383E1C32AEA141D00786F82 /* RepoTableViewCell.swift in Sources */ = {isa = PBXBuildFile; fileRef = 5383E1C22AEA141D00786F82 /* RepoTableViewCell.swift */; };
/* End PBXBuildFile section */

/* Begin PBXFileReference section */
		5383E19A2AE9564100786F82 /* GoonsDesignInterview.app */ = {isa = PBXFileReference; explicitFileType = wrapper.application; includeInIndex = 0; path = GoonsDesignInterview.app; sourceTree = BUILT_PRODUCTS_DIR; };
		5383E19D2AE9564100786F82 /* AppDelegate.swift */ = {isa = PBXFileReference; lastKnownFileType = sourcecode.swift; path = AppDelegate.swift; sourceTree = "<group>"; };
		5383E19F2AE9564100786F82 /* SceneDelegate.swift */ = {isa = PBXFileReference; lastKnownFileType = sourcecode.swift; path = SceneDelegate.swift; sourceTree = "<group>"; };
		5383E1A42AE9564100786F82 /* Base */ = {isa = PBXFileReference; lastKnownFileType = file.storyboard; name = Base; path = Base.lproj/Main.storyboard; sourceTree = "<group>"; };
		5383E1A62AE9564200786F82 /* Assets.xcassets */ = {isa = PBXFileReference; lastKnownFileType = folder.assetcatalog; path = Assets.xcassets; sourceTree = "<group>"; };
		5383E1A92AE9564200786F82 /* Base */ = {isa = PBXFileReference; lastKnownFileType = file.storyboard; name = Base; path = Base.lproj/LaunchScreen.storyboard; sourceTree = "<group>"; };
		5383E1AB2AE9564200786F82 /* Info.plist */ = {isa = PBXFileReference; lastKnownFileType = text.plist.xml; path = Info.plist; sourceTree = "<group>"; };
		5383E1B12AE956D700786F82 /* Instruction.md */ = {isa = PBXFileReference; lastKnownFileType = net.daringfireball.markdown; path = Instruction.md; sourceTree = "<group>"; };
		5383E1B42AE9608600786F82 /* MainVC.swift */ = {isa = PBXFileReference; lastKnownFileType = sourcecode.swift; path = MainVC.swift; sourceTree = "<group>"; };
		5383E1B72AEA005100786F82 /* RepoModel.swift */ = {isa = PBXFileReference; lastKnownFileType = sourcecode.swift; path = RepoModel.swift; sourceTree = "<group>"; };
		5383E1BA2AEA062200786F82 /* UIViewExtension.swift */ = {isa = PBXFileReference; fileEncoding = 4; lastKnownFileType = sourcecode.swift; path = UIViewExtension.swift; sourceTree = "<group>"; };
		5383E1BF2AEA105800786F82 /* APIHelper.swift */ = {isa = PBXFileReference; lastKnownFileType = sourcecode.swift; path = APIHelper.swift; sourceTree = "<group>"; };
		5383E1C22AEA141D00786F82 /* RepoTableViewCell.swift */ = {isa = PBXFileReference; lastKnownFileType = sourcecode.swift; path = RepoTableViewCell.swift; sourceTree = "<group>"; };
/* End PBXFileReference section */

/* Begin PBXFrameworksBuildPhase section */
		5383E1972AE9564100786F82 /* Frameworks */ = {
			isa = PBXFrameworksBuildPhase;
			buildActionMask = 2147483647;
			files = (
			);
			runOnlyForDeploymentPostprocessing = 0;
		};
/* End PBXFrameworksBuildPhase section */

/* Begin PBXGroup section */
		5383E1912AE9564100786F82 = {
			isa = PBXGroup;
			children = (
				5383E19C2AE9564100786F82 /* GoonsDesignInterview */,
				5383E19B2AE9564100786F82 /* Products */,
			);
			sourceTree = "<group>";
		};
		5383E19B2AE9564100786F82 /* Products */ = {
			isa = PBXGroup;
			children = (
				5383E19A2AE9564100786F82 /* GoonsDesignInterview.app */,
			);
			name = Products;
			sourceTree = "<group>";
		};
		5383E19C2AE9564100786F82 /* GoonsDesignInterview */ = {
			isa = PBXGroup;
			children = (
				5383E19D2AE9564100786F82 /* AppDelegate.swift */,
				5383E19F2AE9564100786F82 /* SceneDelegate.swift */,
				5383E1BD2AEA102D00786F82 /* VC */,
				5383E1C12AEA140300786F82 /* View */,
				5383E1BC2AEA0FC300786F82 /* Model */,
				5383E1B92AEA060900786F82 /* Extensions */,
				5383E1BE2AEA103800786F82 /* Communications */,
				5383E1A32AE9564100786F82 /* Main.storyboard */,
				5383E1A62AE9564200786F82 /* Assets.xcassets */,
				5383E1A82AE9564200786F82 /* LaunchScreen.storyboard */,
				5383E1AB2AE9564200786F82 /* Info.plist */,
				5383E1B12AE956D700786F82 /* Instruction.md */,
			);
			path = GoonsDesignInterview;
			sourceTree = "<group>";
		};
		5383E1B92AEA060900786F82 /* Extensions */ = {
			isa = PBXGroup;
			children = (
				5383E1BA2AEA062200786F82 /* UIViewExtension.swift */,
			);
			path = Extensions;
			sourceTree = "<group>";
		};
		5383E1BC2AEA0FC300786F82 /* Model */ = {
			isa = PBXGroup;
			children = (
				5383E1B72AEA005100786F82 /* RepoModel.swift */,
			);
			path = Model;
			sourceTree = "<group>";
		};
		5383E1BD2AEA102D00786F82 /* VC */ = {
			isa = PBXGroup;
			children = (
				5383E1B42AE9608600786F82 /* MainVC.swift */,
			);
			path = VC;
			sourceTree = "<group>";
		};
		5383E1BE2AEA103800786F82 /* Communications */ = {
			isa = PBXGroup;
			children = (
				5383E1BF2AEA105800786F82 /* APIHelper.swift */,
			);
			path = Communications;
			sourceTree = "<group>";
		};
		5383E1C12AEA140300786F82 /* View */ = {
			isa = PBXGroup;
			children = (
				5383E1C22AEA141D00786F82 /* RepoTableViewCell.swift */,
			);
			path = View;
			sourceTree = "<group>";
		};
/* End PBXGroup section */

/* Begin PBXNativeTarget section */
		5383E1992AE9564100786F82 /* GoonsDesignInterview */ = {
			isa = PBXNativeTarget;
			buildConfigurationList = 5383E1AE2AE9564200786F82 /* Build configuration list for PBXNativeTarget "GoonsDesignInterview" */;
			buildPhases = (
				5383E1962AE9564100786F82 /* Sources */,
				5383E1972AE9564100786F82 /* Frameworks */,
				5383E1982AE9564100786F82 /* Resources */,
			);
			buildRules = (
			);
			dependencies = (
			);
			name = GoonsDesignInterview;
			productName = GoonsDesignInterview;
			productReference = 5383E19A2AE9564100786F82 /* GoonsDesignInterview.app */;
			productType = "com.apple.product-type.application";
		};
/* End PBXNativeTarget section */

/* Begin PBXProject section */
		5383E1922AE9564100786F82 /* Project object */ = {
			isa = PBXProject;
			attributes = {
				BuildIndependentTargetsInParallel = 1;
				LastSwiftUpdateCheck = 1430;
				LastUpgradeCheck = 1430;
				TargetAttributes = {
					5383E1992AE9564100786F82 = {
						CreatedOnToolsVersion = 14.3.1;
					};
				};
			};
			buildConfigurationList = 5383E1952AE9564100786F82 /* Build configuration list for PBXProject "GoonsDesignInterview" */;
			compatibilityVersion = "Xcode 14.0";
			developmentRegion = en;
			hasScannedForEncodings = 0;
			knownRegions = (
				en,
				Base,
			);
			mainGroup = 5383E1912AE9564100786F82;
			productRefGroup = 5383E19B2AE9564100786F82 /* Products */;
			projectDirPath = "";
			projectRoot = "";
			targets = (
				5383E1992AE9564100786F82 /* GoonsDesignInterview */,
			);
		};
/* End PBXProject section */

/* Begin PBXResourcesBuildPhase section */
		5383E1982AE9564100786F82 /* Resources */ = {
			isa = PBXResourcesBuildPhase;
			buildActionMask = 2147483647;
			files = (
				5383E1AA2AE9564200786F82 /* LaunchScreen.storyboard in Resources */,
				5383E1A72AE9564200786F82 /* Assets.xcassets in Resources */,
				5383E1A52AE9564100786F82 /* Main.storyboard in Resources */,
			);
			runOnlyForDeploymentPostprocessing = 0;
		};
/* End PBXResourcesBuildPhase section */

/* Begin PBXSourcesBuildPhase section */
		5383E1962AE9564100786F82 /* Sources */ = {
			isa = PBXSourcesBuildPhase;
			buildActionMask = 2147483647;
			files = (
				5383E1C02AEA105800786F82 /* APIHelper.swift in Sources */,
				5383E1BB2AEA062200786F82 /* UIViewExtension.swift in Sources */,
				5383E19E2AE9564100786F82 /* AppDelegate.swift in Sources */,
				5383E1C32AEA141D00786F82 /* RepoTableViewCell.swift in Sources */,
				5383E1B82AEA005100786F82 /* RepoModel.swift in Sources */,
				5383E1B52AE9608600786F82 /* MainVC.swift in Sources */,
				5383E1A02AE9564100786F82 /* SceneDelegate.swift in Sources */,
			);
			runOnlyForDeploymentPostprocessing = 0;
		};
/* End PBXSourcesBuildPhase section */

/* Begin PBXVariantGroup section */
		5383E1A32AE9564100786F82 /* Main.storyboard */ = {
			isa = PBXVariantGroup;
			children = (
				5383E1A42AE9564100786F82 /* Base */,
			);
			name = Main.storyboard;
			sourceTree = "<group>";
		};
		5383E1A82AE9564200786F82 /* LaunchScreen.storyboard */ = {
			isa = PBXVariantGroup;
			children = (
				5383E1A92AE9564200786F82 /* Base */,
			);
			name = LaunchScreen.storyboard;
			sourceTree = "<group>";
		};
/* End PBXVariantGroup section */

/* Begin XCBuildConfiguration section */
		5383E1AC2AE9564200786F82 /* Debug */ = {
			isa = XCBuildConfiguration;
			buildSettings = {
				ALWAYS_SEARCH_USER_PATHS = NO;
				CLANG_ANALYZER_NONNULL = YES;
				CLANG_ANALYZER_NUMBER_OBJECT_CONVERSION = YES_AGGRESSIVE;
				CLANG_CXX_LANGUAGE_STANDARD = "gnu++20";
				CLANG_ENABLE_MODULES = YES;
				CLANG_ENABLE_OBJC_ARC = YES;
				CLANG_ENABLE_OBJC_WEAK = YES;
				CLANG_WARN_BLOCK_CAPTURE_AUTORELEASING = YES;
				CLANG_WARN_BOOL_CONVERSION = YES;
				CLANG_WARN_COMMA = YES;
				CLANG_WARN_CONSTANT_CONVERSION = YES;
				CLANG_WARN_DEPRECATED_OBJC_IMPLEMENTATIONS = YES;
				CLANG_WARN_DIRECT_OBJC_ISA_USAGE = YES_ERROR;
				CLANG_WARN_DOCUMENTATION_COMMENTS = YES;
				CLANG_WARN_EMPTY_BODY = YES;
				CLANG_WARN_ENUM_CONVERSION = YES;
				CLANG_WARN_INFINITE_RECURSION = YES;
				CLANG_WARN_INT_CONVERSION = YES;
				CLANG_WARN_NON_LITERAL_NULL_CONVERSION = YES;
				CLANG_WARN_OBJC_IMPLICIT_RETAIN_SELF = YES;
				CLANG_WARN_OBJC_LITERAL_CONVERSION = YES;
				CLANG_WARN_OBJC_ROOT_CLASS = YES_ERROR;
				CLANG_WARN_QUOTED_INCLUDE_IN_FRAMEWORK_HEADER = YES;
				CLANG_WARN_RANGE_LOOP_ANALYSIS = YES;
				CLANG_WARN_STRICT_PROTOTYPES = YES;
				CLANG_WARN_SUSPICIOUS_MOVE = YES;
				CLANG_WARN_UNGUARDED_AVAILABILITY = YES_AGGRESSIVE;
				CLANG_WARN_UNREACHABLE_CODE = YES;
				CLANG_WARN__DUPLICATE_METHOD_MATCH = YES;
				COPY_PHASE_STRIP = NO;
				DEBUG_INFORMATION_FORMAT = dwarf;
				ENABLE_STRICT_OBJC_MSGSEND = YES;
				ENABLE_TESTABILITY = YES;
				GCC_C_LANGUAGE_STANDARD = gnu11;
				GCC_DYNAMIC_NO_PIC = NO;
				GCC_NO_COMMON_BLOCKS = YES;
				GCC_OPTIMIZATION_LEVEL = 0;
				GCC_PREPROCESSOR_DEFINITIONS = (
					"DEBUG=1",
					"$(inherited)",
				);
				GCC_WARN_64_TO_32_BIT_CONVERSION = YES;
				GCC_WARN_ABOUT_RETURN_TYPE = YES_ERROR;
				GCC_WARN_UNDECLARED_SELECTOR = YES;
				GCC_WARN_UNINITIALIZED_AUTOS = YES_AGGRESSIVE;
				GCC_WARN_UNUSED_FUNCTION = YES;
				GCC_WARN_UNUSED_VARIABLE = YES;
				IPHONEOS_DEPLOYMENT_TARGET = 16.4;
				MTL_ENABLE_DEBUG_INFO = INCLUDE_SOURCE;
				MTL_FAST_MATH = YES;
				ONLY_ACTIVE_ARCH = YES;
				SDKROOT = iphoneos;
				SWIFT_ACTIVE_COMPILATION_CONDITIONS = DEBUG;
				SWIFT_OPTIMIZATION_LEVEL = "-Onone";
			};
			name = Debug;
		};
		5383E1AD2AE9564200786F82 /* Release */ = {
			isa = XCBuildConfiguration;
			buildSettings = {
				ALWAYS_SEARCH_USER_PATHS = NO;
				CLANG_ANALYZER_NONNULL = YES;
				CLANG_ANALYZER_NUMBER_OBJECT_CONVERSION = YES_AGGRESSIVE;
				CLANG_CXX_LANGUAGE_STANDARD = "gnu++20";
				CLANG_ENABLE_MODULES = YES;
				CLANG_ENABLE_OBJC_ARC = YES;
				CLANG_ENABLE_OBJC_WEAK = YES;
				CLANG_WARN_BLOCK_CAPTURE_AUTORELEASING = YES;
				CLANG_WARN_BOOL_CONVERSION = YES;
				CLANG_WARN_COMMA = YES;
				CLANG_WARN_CONSTANT_CONVERSION = YES;
				CLANG_WARN_DEPRECATED_OBJC_IMPLEMENTATIONS = YES;
				CLANG_WARN_DIRECT_OBJC_ISA_USAGE = YES_ERROR;
				CLANG_WARN_DOCUMENTATION_COMMENTS = YES;
				CLANG_WARN_EMPTY_BODY = YES;
				CLANG_WARN_ENUM_CONVERSION = YES;
				CLANG_WARN_INFINITE_RECURSION = YES;
				CLANG_WARN_INT_CONVERSION = YES;
				CLANG_WARN_NON_LITERAL_NULL_CONVERSION = YES;
				CLANG_WARN_OBJC_IMPLICIT_RETAIN_SELF = YES;
				CLANG_WARN_OBJC_LITERAL_CONVERSION = YES;
				CLANG_WARN_OBJC_ROOT_CLASS = YES_ERROR;
				CLANG_WARN_QUOTED_INCLUDE_IN_FRAMEWORK_HEADER = YES;
				CLANG_WARN_RANGE_LOOP_ANALYSIS = YES;
				CLANG_WARN_STRICT_PROTOTYPES = YES;
				CLANG_WARN_SUSPICIOUS_MOVE = YES;
				CLANG_WARN_UNGUARDED_AVAILABILITY = YES_AGGRESSIVE;
				CLANG_WARN_UNREACHABLE_CODE = YES;
				CLANG_WARN__DUPLICATE_METHOD_MATCH = YES;
				COPY_PHASE_STRIP = NO;
				DEBUG_INFORMATION_FORMAT = "dwarf-with-dsym";
				ENABLE_NS_ASSERTIONS = NO;
				ENABLE_STRICT_OBJC_MSGSEND = YES;
				GCC_C_LANGUAGE_STANDARD = gnu11;
				GCC_NO_COMMON_BLOCKS = YES;
				GCC_WARN_64_TO_32_BIT_CONVERSION = YES;
				GCC_WARN_ABOUT_RETURN_TYPE = YES_ERROR;
				GCC_WARN_UNDECLARED_SELECTOR = YES;
				GCC_WARN_UNINITIALIZED_AUTOS = YES_AGGRESSIVE;
				GCC_WARN_UNUSED_FUNCTION = YES;
				GCC_WARN_UNUSED_VARIABLE = YES;
				IPHONEOS_DEPLOYMENT_TARGET = 16.4;
				MTL_ENABLE_DEBUG_INFO = NO;
				MTL_FAST_MATH = YES;
				SDKROOT = iphoneos;
				SWIFT_COMPILATION_MODE = wholemodule;
				SWIFT_OPTIMIZATION_LEVEL = "-O";
				VALIDATE_PRODUCT = YES;
			};
			name = Release;
		};
		5383E1AF2AE9564200786F82 /* Debug */ = {
			isa = XCBuildConfiguration;
			buildSettings = {
				ASSETCATALOG_COMPILER_APPICON_NAME = AppIcon;
				ASSETCATALOG_COMPILER_GLOBAL_ACCENT_COLOR_NAME = AccentColor;
				CODE_SIGN_STYLE = Automatic;
				CURRENT_PROJECT_VERSION = 1;
				DEVELOPMENT_TEAM = TU58QJL43S;
				GENERATE_INFOPLIST_FILE = YES;
				INFOPLIST_FILE = GoonsDesignInterview/Info.plist;
				INFOPLIST_KEY_UIApplicationSupportsIndirectInputEvents = YES;
				INFOPLIST_KEY_UILaunchStoryboardName = LaunchScreen;
				INFOPLIST_KEY_UIMainStoryboardFile = Main;
				INFOPLIST_KEY_UISupportedInterfaceOrientations = UIInterfaceOrientationPortrait;
				INFOPLIST_KEY_UISupportedInterfaceOrientations_iPad = "UIInterfaceOrientationLandscapeLeft UIInterfaceOrientationLandscapeRight UIInterfaceOrientationPortrait UIInterfaceOrientationPortraitUpsideDown";
				IPHONEOS_DEPLOYMENT_TARGET = 15.0;
				LD_RUNPATH_SEARCH_PATHS = (
					"$(inherited)",
					"@executable_path/Frameworks",
				);
				MARKETING_VERSION = 1.0;
				PRODUCT_BUNDLE_IDENTIFIER = dev.tclee.GoonsDesignInterview;
				PRODUCT_NAME = "$(TARGET_NAME)";
				SWIFT_EMIT_LOC_STRINGS = YES;
				SWIFT_VERSION = 5.0;
				TARGETED_DEVICE_FAMILY = "1,2";
			};
			name = Debug;
		};
		5383E1B02AE9564200786F82 /* Release */ = {
			isa = XCBuildConfiguration;
			buildSettings = {
				ASSETCATALOG_COMPILER_APPICON_NAME = AppIcon;
				ASSETCATALOG_COMPILER_GLOBAL_ACCENT_COLOR_NAME = AccentColor;
				CODE_SIGN_STYLE = Automatic;
				CURRENT_PROJECT_VERSION = 1;
				DEVELOPMENT_TEAM = TU58QJL43S;
				GENERATE_INFOPLIST_FILE = YES;
				INFOPLIST_FILE = GoonsDesignInterview/Info.plist;
				INFOPLIST_KEY_UIApplicationSupportsIndirectInputEvents = YES;
				INFOPLIST_KEY_UILaunchStoryboardName = LaunchScreen;
				INFOPLIST_KEY_UIMainStoryboardFile = Main;
				INFOPLIST_KEY_UISupportedInterfaceOrientations = UIInterfaceOrientationPortrait;
				INFOPLIST_KEY_UISupportedInterfaceOrientations_iPad = "UIInterfaceOrientationLandscapeLeft UIInterfaceOrientationLandscapeRight UIInterfaceOrientationPortrait UIInterfaceOrientationPortraitUpsideDown";
				IPHONEOS_DEPLOYMENT_TARGET = 15.0;
				LD_RUNPATH_SEARCH_PATHS = (
					"$(inherited)",
					"@executable_path/Frameworks",
				);
				MARKETING_VERSION = 1.0;
				PRODUCT_BUNDLE_IDENTIFIER = dev.tclee.GoonsDesignInterview;
				PRODUCT_NAME = "$(TARGET_NAME)";
				SWIFT_EMIT_LOC_STRINGS = YES;
				SWIFT_VERSION = 5.0;
				TARGETED_DEVICE_FAMILY = "1,2";
			};
			name = Release;
		};
/* End XCBuildConfiguration section */

/* Begin XCConfigurationList section */
		5383E1952AE9564100786F82 /* Build configuration list for PBXProject "GoonsDesignInterview" */ = {
			isa = XCConfigurationList;
			buildConfigurations = (
				5383E1AC2AE9564200786F82 /* Debug */,
				5383E1AD2AE9564200786F82 /* Release */,
			);
			defaultConfigurationIsVisible = 0;
			defaultConfigurationName = Release;
		};
		5383E1AE2AE9564200786F82 /* Build configuration list for PBXNativeTarget "GoonsDesignInterview" */ = {
			isa = XCConfigurationList;
			buildConfigurations = (
				5383E1AF2AE9564200786F82 /* Debug */,
				5383E1B02AE9564200786F82 /* Release */,
			);
			defaultConfigurationIsVisible = 0;
			defaultConfigurationName = Release;
		};
/* End XCConfigurationList section */
	};
	rootObject = 5383E1922AE9564100786F82 /* Project object */;
}
